// !$*UTF8*$!
{
	archiveVersion = 1;
	classes = {
	};
	objectVersion = 46;
	objects = {

/* Begin PBXBuildFile section */
		BB0A2BC91EBE45AB00A19D60 /* SprintCollectionView.swift in Sources */ = {isa = PBXBuildFile; fileRef = BB0A2BC81EBE45AB00A19D60 /* SprintCollectionView.swift */; };
		BB0A2BCF1EBF448100A19D60 /* EndpointConfiguration.swift in Sources */ = {isa = PBXBuildFile; fileRef = BB0A2BCE1EBF448100A19D60 /* EndpointConfiguration.swift */; };
		BB0A2BD31EBF47B600A19D60 /* Logger.swift in Sources */ = {isa = PBXBuildFile; fileRef = BB0A2BD21EBF47B600A19D60 /* Logger.swift */; };
		BB0A2BDA1EBF49AC00A19D60 /* SwiftyBeaver.framework in Embed Frameworks */ = {isa = PBXBuildFile; fileRef = BB0A2BD91EBF49AC00A19D60 /* SwiftyBeaver.framework */; settings = {ATTRIBUTES = (CodeSignOnCopy, RemoveHeadersOnCopy, ); }; };
		BB0A2BDC1EBF49C400A19D60 /* SwiftyBeaver.framework.dSYM in CopyFiles */ = {isa = PBXBuildFile; fileRef = BB0A2BDB1EBF49C400A19D60 /* SwiftyBeaver.framework.dSYM */; };
		BB0A2BDE1EBF4B8A00A19D60 /* NetworkService.swift in Sources */ = {isa = PBXBuildFile; fileRef = BB0A2BDD1EBF4B8A00A19D60 /* NetworkService.swift */; };
		BB0A2BE01EBF665D00A19D60 /* Mapper.framework in Frameworks */ = {isa = PBXBuildFile; fileRef = BB0A2BDF1EBF665D00A19D60 /* Mapper.framework */; };
		BB0A2BE11EBF665D00A19D60 /* Mapper.framework in Embed Frameworks */ = {isa = PBXBuildFile; fileRef = BB0A2BDF1EBF665D00A19D60 /* Mapper.framework */; settings = {ATTRIBUTES = (CodeSignOnCopy, RemoveHeadersOnCopy, ); }; };
		BB0A2BE31EBF66B600A19D60 /* Mapper.framework.dSYM in CopyFiles */ = {isa = PBXBuildFile; fileRef = BB0A2BE21EBF66B600A19D60 /* Mapper.framework.dSYM */; };
		BB0A2BE71EBF6C5A00A19D60 /* Board.swift in Sources */ = {isa = PBXBuildFile; fileRef = BB0A2BE61EBF6C5A00A19D60 /* Board.swift */; };
		BB0A2BE91EBF838200A19D60 /* BoardService.swift in Sources */ = {isa = PBXBuildFile; fileRef = BB0A2BE81EBF838200A19D60 /* BoardService.swift */; };
		BB0A2BEB1EBF839000A19D60 /* BoardEndpoints.swift in Sources */ = {isa = PBXBuildFile; fileRef = BB0A2BEA1EBF839000A19D60 /* BoardEndpoints.swift */; };
		BB0A2BEE1EBF8A2600A19D60 /* JIRARestAPI.swift in Sources */ = {isa = PBXBuildFile; fileRef = BB0A2BED1EBF8A2600A19D60 /* JIRARestAPI.swift */; };
		BB0A2BF11EBF8D4100A19D60 /* PagingData.swift in Sources */ = {isa = PBXBuildFile; fileRef = BB0A2BF01EBF8D4100A19D60 /* PagingData.swift */; };
		BB0A2BF41EBF9C8400A19D60 /* AuthenticationProvider.swift in Sources */ = {isa = PBXBuildFile; fileRef = BB0A2BF31EBF9C8400A19D60 /* AuthenticationProvider.swift */; };
		BB0A2BF71EBFB4AA00A19D60 /* RootFlowController.swift in Sources */ = {isa = PBXBuildFile; fileRef = BB0A2BF61EBFB4AA00A19D60 /* RootFlowController.swift */; };
		BB0A2BFF1EBFB8C500A19D60 /* LoginWindowController.swift in Sources */ = {isa = PBXBuildFile; fileRef = BB0A2BFD1EBFB8C500A19D60 /* LoginWindowController.swift */; };
		BB0A2C001EBFB8C500A19D60 /* LoginWindowController.xib in Resources */ = {isa = PBXBuildFile; fileRef = BB0A2BFE1EBFB8C500A19D60 /* LoginWindowController.xib */; };
		BB0A2C041EBFBB3100A19D60 /* TeamPickerViewController.swift in Sources */ = {isa = PBXBuildFile; fileRef = BB0A2C021EBFBB3100A19D60 /* TeamPickerViewController.swift */; };
		BB0A2C051EBFBB3100A19D60 /* TeamPickerViewController.xib in Resources */ = {isa = PBXBuildFile; fileRef = BB0A2C031EBFBB3100A19D60 /* TeamPickerViewController.xib */; };
		BB0A2C071EBFBDF500A19D60 /* LoginFlowContainerViewController.swift in Sources */ = {isa = PBXBuildFile; fileRef = BB0A2C061EBFBDF500A19D60 /* LoginFlowContainerViewController.swift */; };
		BB0A2C0A1EC12EF400A19D60 /* TeamCheckService.swift in Sources */ = {isa = PBXBuildFile; fileRef = BB0A2C091EC12EF400A19D60 /* TeamCheckService.swift */; };
		BB0A2C0C1EC12F0400A19D60 /* TeamCheckEndpoints.swift in Sources */ = {isa = PBXBuildFile; fileRef = BB0A2C0B1EC12F0400A19D60 /* TeamCheckEndpoints.swift */; };
		BB12D6F01ED780A900FEA52A /* String+Extensions.swift in Sources */ = {isa = PBXBuildFile; fileRef = BB12D6EF1ED780A900FEA52A /* String+Extensions.swift */; };
		BB12D6F31ED7825900FEA52A /* PasteboardService.swift in Sources */ = {isa = PBXBuildFile; fileRef = BB12D6F21ED7825900FEA52A /* PasteboardService.swift */; };
		BB19FBBA1ED624B00094E83F /* TeamURLExtractor.swift in Sources */ = {isa = PBXBuildFile; fileRef = BB19FBB91ED624B00094E83F /* TeamURLExtractor.swift */; };
		BB2046B71EBE095700084F34 /* KanbanCollectionViewLayout.swift in Sources */ = {isa = PBXBuildFile; fileRef = BB2046B61EBE095700084F34 /* KanbanCollectionViewLayout.swift */; };
		BB2046BC1EBE0AB000084F34 /* SprintViewController.xib in Resources */ = {isa = PBXBuildFile; fileRef = BB2046BB1EBE0AB000084F34 /* SprintViewController.xib */; };
		BB2046C11EBE0F7300084F34 /* Optionals.swift in Sources */ = {isa = PBXBuildFile; fileRef = BB2046C01EBE0F7300084F34 /* Optionals.swift */; };
		BB2046C41EBE112900084F34 /* SprintCollectionViewItem.swift in Sources */ = {isa = PBXBuildFile; fileRef = BB2046C21EBE112900084F34 /* SprintCollectionViewItem.swift */; };
		BB2046C51EBE112900084F34 /* SprintCollectionViewItem.xib in Resources */ = {isa = PBXBuildFile; fileRef = BB2046C31EBE112900084F34 /* SprintCollectionViewItem.xib */; };
		BB2FC6751EC264BD0031917B /* TeamPickerViewModel.swift in Sources */ = {isa = PBXBuildFile; fileRef = BB2FC6741EC264BD0031917B /* TeamPickerViewModel.swift */; };
		BB62DE791E56293A00AA3577 /* MainWindowController.xib in Resources */ = {isa = PBXBuildFile; fileRef = BB62DE781E56293A00AA3577 /* MainWindowController.xib */; };
		BB62DE7D1E5634BA00AA3577 /* MainMenu.xib in Resources */ = {isa = PBXBuildFile; fileRef = BB62DE7C1E5634BA00AA3577 /* MainMenu.xib */; };
		BB62DEBC1E565A7800AA3577 /* MainWindow.swift in Sources */ = {isa = PBXBuildFile; fileRef = BB62DEBB1E565A7800AA3577 /* MainWindow.swift */; };
		BBA77B901E57782A00C9842C /* TextInputViewController.xib in Resources */ = {isa = PBXBuildFile; fileRef = BBA77B8F1E57782A00C9842C /* TextInputViewController.xib */; };
		BBA77B941E57904100C9842C /* StylingProtocol.swift in Sources */ = {isa = PBXBuildFile; fileRef = BBA77B931E57904100C9842C /* StylingProtocol.swift */; };
		BBA77B9B1E57922C00C9842C /* TextFieldStyles.swift in Sources */ = {isa = PBXBuildFile; fileRef = BBA77B9A1E57922C00C9842C /* TextFieldStyles.swift */; };
		BBA77B9D1E579D1600C9842C /* SprintViewController.swift in Sources */ = {isa = PBXBuildFile; fileRef = BBA77B9C1E579D1600C9842C /* SprintViewController.swift */; };
		BBA77BA31E57A0C600C9842C /* VerticallyCenteredTextFieldCell.swift in Sources */ = {isa = PBXBuildFile; fileRef = BBA77BA21E57A0C600C9842C /* VerticallyCenteredTextFieldCell.swift */; };
		BBA77BA61E57A3F200C9842C /* MainViewController.swift in Sources */ = {isa = PBXBuildFile; fileRef = BBA77BA51E57A3F200C9842C /* MainViewController.swift */; };
		BBA77BA81E57A3F800C9842C /* MainView.swift in Sources */ = {isa = PBXBuildFile; fileRef = BBA77BA71E57A3F800C9842C /* MainView.swift */; };
		BBA77BAB1E57A62300C9842C /* MaskImage.swift in Sources */ = {isa = PBXBuildFile; fileRef = BBA77BAA1E57A62300C9842C /* MaskImage.swift */; };
		BBD571FB1EC37D3E0061AD67 /* Validator.swift in Sources */ = {isa = PBXBuildFile; fileRef = BBD571FA1EC37D3E0061AD67 /* Validator.swift */; };
		BBD571FD1EC37F620061AD67 /* CommonValidators.swift in Sources */ = {isa = PBXBuildFile; fileRef = BBD571FC1EC37F620061AD67 /* CommonValidators.swift */; };
		BBD571FF1EC3B2C60061AD67 /* Observable+Extensions.swift in Sources */ = {isa = PBXBuildFile; fileRef = BBD571FE1EC3B2C60061AD67 /* Observable+Extensions.swift */; };
		BBE003761E39534E00E1A2A4 /* AppDelegate.swift in Sources */ = {isa = PBXBuildFile; fileRef = BBE003751E39534E00E1A2A4 /* AppDelegate.swift */; };
		BBE003781E39534E00E1A2A4 /* Assets.xcassets in Resources */ = {isa = PBXBuildFile; fileRef = BBE003771E39534E00E1A2A4 /* Assets.xcassets */; };
		BBE003861E39534E00E1A2A4 /* JiraHelperTests.swift in Sources */ = {isa = PBXBuildFile; fileRef = BBE003851E39534E00E1A2A4 /* JiraHelperTests.swift */; };
		BBE003911E39534E00E1A2A4 /* JiraHelperUITests.swift in Sources */ = {isa = PBXBuildFile; fileRef = BBE003901E39534E00E1A2A4 /* JiraHelperUITests.swift */; };
		BBE003A51E395E3D00E1A2A4 /* Alamofire.framework in Frameworks */ = {isa = PBXBuildFile; fileRef = BBE003A11E395E3D00E1A2A4 /* Alamofire.framework */; };
		BBE003A61E395E3D00E1A2A4 /* Alamofire.framework in Embed Frameworks */ = {isa = PBXBuildFile; fileRef = BBE003A11E395E3D00E1A2A4 /* Alamofire.framework */; settings = {ATTRIBUTES = (CodeSignOnCopy, RemoveHeadersOnCopy, ); }; };
		BBE003A71E395E3D00E1A2A4 /* RxCocoa.framework in Frameworks */ = {isa = PBXBuildFile; fileRef = BBE003A21E395E3D00E1A2A4 /* RxCocoa.framework */; };
		BBE003A81E395E3D00E1A2A4 /* RxCocoa.framework in Embed Frameworks */ = {isa = PBXBuildFile; fileRef = BBE003A21E395E3D00E1A2A4 /* RxCocoa.framework */; settings = {ATTRIBUTES = (CodeSignOnCopy, RemoveHeadersOnCopy, ); }; };
		BBE003A91E395E3D00E1A2A4 /* RxSwift.framework in Frameworks */ = {isa = PBXBuildFile; fileRef = BBE003A31E395E3D00E1A2A4 /* RxSwift.framework */; };
		BBE003AA1E395E3D00E1A2A4 /* RxSwift.framework in Embed Frameworks */ = {isa = PBXBuildFile; fileRef = BBE003A31E395E3D00E1A2A4 /* RxSwift.framework */; settings = {ATTRIBUTES = (CodeSignOnCopy, RemoveHeadersOnCopy, ); }; };
		BBE003AB1E395E3D00E1A2A4 /* SnapKit.framework in Frameworks */ = {isa = PBXBuildFile; fileRef = BBE003A41E395E3D00E1A2A4 /* SnapKit.framework */; };
		BBE003AC1E395E3D00E1A2A4 /* SnapKit.framework in Embed Frameworks */ = {isa = PBXBuildFile; fileRef = BBE003A41E395E3D00E1A2A4 /* SnapKit.framework */; settings = {ATTRIBUTES = (CodeSignOnCopy, RemoveHeadersOnCopy, ); }; };
		BBE003B41E395EBB00E1A2A4 /* Alamofire.framework.dSYM in CopyFiles */ = {isa = PBXBuildFile; fileRef = BBE003B01E395EBB00E1A2A4 /* Alamofire.framework.dSYM */; };
		BBE003B51E395EBB00E1A2A4 /* RxCocoa.framework.dSYM in CopyFiles */ = {isa = PBXBuildFile; fileRef = BBE003B11E395EBB00E1A2A4 /* RxCocoa.framework.dSYM */; };
		BBE003B61E395EBB00E1A2A4 /* RxSwift.framework.dSYM in CopyFiles */ = {isa = PBXBuildFile; fileRef = BBE003B21E395EBB00E1A2A4 /* RxSwift.framework.dSYM */; };
		BBE003B71E395EBB00E1A2A4 /* SnapKit.framework.dSYM in CopyFiles */ = {isa = PBXBuildFile; fileRef = BBE003B31E395EBB00E1A2A4 /* SnapKit.framework.dSYM */; };
		BBE003BA1E3966EF00E1A2A4 /* MASShortcut.framework in Frameworks */ = {isa = PBXBuildFile; fileRef = BBE003B91E3966EF00E1A2A4 /* MASShortcut.framework */; };
		BBE003BB1E3966EF00E1A2A4 /* MASShortcut.framework in Embed Frameworks */ = {isa = PBXBuildFile; fileRef = BBE003B91E3966EF00E1A2A4 /* MASShortcut.framework */; settings = {ATTRIBUTES = (CodeSignOnCopy, RemoveHeadersOnCopy, ); }; };
		BBE003BD1E39670400E1A2A4 /* MASShortcut.framework.dSYM in CopyFiles */ = {isa = PBXBuildFile; fileRef = BBE003BC1E39670400E1A2A4 /* MASShortcut.framework.dSYM */; };
		FA6E351536938100E1D24BBE /* TextInputViewController.swift in Sources */ = {isa = PBXBuildFile; fileRef = FA6E3DCE04F5BFDCA73B1FEF /* TextInputViewController.swift */; };
		FA6E3C6DED0B860D768D19B1 /* MainWindowController.swift in Sources */ = {isa = PBXBuildFile; fileRef = FA6E3E0F84798393906871DE /* MainWindowController.swift */; };
/* End PBXBuildFile section */

/* Begin PBXContainerItemProxy section */
		BBE003821E39534E00E1A2A4 /* PBXContainerItemProxy */ = {
			isa = PBXContainerItemProxy;
			containerPortal = BBE0036A1E39534E00E1A2A4 /* Project object */;
			proxyType = 1;
			remoteGlobalIDString = BBE003711E39534E00E1A2A4;
			remoteInfo = JiraHelper;
		};
		BBE0038D1E39534E00E1A2A4 /* PBXContainerItemProxy */ = {
			isa = PBXContainerItemProxy;
			containerPortal = BBE0036A1E39534E00E1A2A4 /* Project object */;
			proxyType = 1;
			remoteGlobalIDString = BBE003711E39534E00E1A2A4;
			remoteInfo = JiraHelper;
		};
/* End PBXContainerItemProxy section */

/* Begin PBXCopyFilesBuildPhase section */
		BBE003AD1E395E3D00E1A2A4 /* Embed Frameworks */ = {
			isa = PBXCopyFilesBuildPhase;
			buildActionMask = 2147483647;
			dstPath = "";
			dstSubfolderSpec = 10;
			files = (
				BB0A2BDA1EBF49AC00A19D60 /* SwiftyBeaver.framework in Embed Frameworks */,
				BBE003BB1E3966EF00E1A2A4 /* MASShortcut.framework in Embed Frameworks */,
				BBE003A81E395E3D00E1A2A4 /* RxCocoa.framework in Embed Frameworks */,
				BBE003A61E395E3D00E1A2A4 /* Alamofire.framework in Embed Frameworks */,
				BB0A2BE11EBF665D00A19D60 /* Mapper.framework in Embed Frameworks */,
				BBE003AA1E395E3D00E1A2A4 /* RxSwift.framework in Embed Frameworks */,
				BBE003AC1E395E3D00E1A2A4 /* SnapKit.framework in Embed Frameworks */,
			);
			name = "Embed Frameworks";
			runOnlyForDeploymentPostprocessing = 0;
		};
		BBE003AF1E395EA400E1A2A4 /* CopyFiles */ = {
			isa = PBXCopyFilesBuildPhase;
			buildActionMask = 2147483647;
			dstPath = "";
			dstSubfolderSpec = 16;
			files = (
				BB0A2BE31EBF66B600A19D60 /* Mapper.framework.dSYM in CopyFiles */,
				BB0A2BDC1EBF49C400A19D60 /* SwiftyBeaver.framework.dSYM in CopyFiles */,
				BBE003BD1E39670400E1A2A4 /* MASShortcut.framework.dSYM in CopyFiles */,
				BBE003B41E395EBB00E1A2A4 /* Alamofire.framework.dSYM in CopyFiles */,
				BBE003B51E395EBB00E1A2A4 /* RxCocoa.framework.dSYM in CopyFiles */,
				BBE003B61E395EBB00E1A2A4 /* RxSwift.framework.dSYM in CopyFiles */,
				BBE003B71E395EBB00E1A2A4 /* SnapKit.framework.dSYM in CopyFiles */,
			);
			runOnlyForDeploymentPostprocessing = 0;
		};
/* End PBXCopyFilesBuildPhase section */

/* Begin PBXFileReference section */
		BB0A2BC81EBE45AB00A19D60 /* SprintCollectionView.swift */ = {isa = PBXFileReference; fileEncoding = 4; lastKnownFileType = sourcecode.swift; path = SprintCollectionView.swift; sourceTree = "<group>"; };
		BB0A2BCE1EBF448100A19D60 /* EndpointConfiguration.swift */ = {isa = PBXFileReference; fileEncoding = 4; lastKnownFileType = sourcecode.swift; path = EndpointConfiguration.swift; sourceTree = "<group>"; };
		BB0A2BD21EBF47B600A19D60 /* Logger.swift */ = {isa = PBXFileReference; fileEncoding = 4; lastKnownFileType = sourcecode.swift; path = Logger.swift; sourceTree = "<group>"; };
		BB0A2BD91EBF49AC00A19D60 /* SwiftyBeaver.framework */ = {isa = PBXFileReference; lastKnownFileType = wrapper.framework; name = SwiftyBeaver.framework; path = Carthage/Build/Mac/SwiftyBeaver.framework; sourceTree = "<group>"; };
		BB0A2BDB1EBF49C400A19D60 /* SwiftyBeaver.framework.dSYM */ = {isa = PBXFileReference; lastKnownFileType = wrapper.dsym; name = SwiftyBeaver.framework.dSYM; path = Carthage/Build/Mac/SwiftyBeaver.framework.dSYM; sourceTree = "<group>"; };
		BB0A2BDD1EBF4B8A00A19D60 /* NetworkService.swift */ = {isa = PBXFileReference; fileEncoding = 4; lastKnownFileType = sourcecode.swift; path = NetworkService.swift; sourceTree = "<group>"; };
		BB0A2BDF1EBF665D00A19D60 /* Mapper.framework */ = {isa = PBXFileReference; lastKnownFileType = wrapper.framework; name = Mapper.framework; path = Carthage/Build/Mac/Mapper.framework; sourceTree = "<group>"; };
		BB0A2BE21EBF66B600A19D60 /* Mapper.framework.dSYM */ = {isa = PBXFileReference; lastKnownFileType = wrapper.dsym; name = Mapper.framework.dSYM; path = Carthage/Build/Mac/Mapper.framework.dSYM; sourceTree = "<group>"; };
		BB0A2BE61EBF6C5A00A19D60 /* Board.swift */ = {isa = PBXFileReference; fileEncoding = 4; lastKnownFileType = sourcecode.swift; path = Board.swift; sourceTree = "<group>"; };
		BB0A2BE81EBF838200A19D60 /* BoardService.swift */ = {isa = PBXFileReference; fileEncoding = 4; lastKnownFileType = sourcecode.swift; path = BoardService.swift; sourceTree = "<group>"; };
		BB0A2BEA1EBF839000A19D60 /* BoardEndpoints.swift */ = {isa = PBXFileReference; fileEncoding = 4; lastKnownFileType = sourcecode.swift; path = BoardEndpoints.swift; sourceTree = "<group>"; };
		BB0A2BED1EBF8A2600A19D60 /* JIRARestAPI.swift */ = {isa = PBXFileReference; fileEncoding = 4; lastKnownFileType = sourcecode.swift; path = JIRARestAPI.swift; sourceTree = "<group>"; };
		BB0A2BF01EBF8D4100A19D60 /* PagingData.swift */ = {isa = PBXFileReference; fileEncoding = 4; lastKnownFileType = sourcecode.swift; path = PagingData.swift; sourceTree = "<group>"; };
		BB0A2BF31EBF9C8400A19D60 /* AuthenticationProvider.swift */ = {isa = PBXFileReference; fileEncoding = 4; lastKnownFileType = sourcecode.swift; path = AuthenticationProvider.swift; sourceTree = "<group>"; };
		BB0A2BF61EBFB4AA00A19D60 /* RootFlowController.swift */ = {isa = PBXFileReference; fileEncoding = 4; lastKnownFileType = sourcecode.swift; path = RootFlowController.swift; sourceTree = "<group>"; };
		BB0A2BFD1EBFB8C500A19D60 /* LoginWindowController.swift */ = {isa = PBXFileReference; fileEncoding = 4; lastKnownFileType = sourcecode.swift; name = LoginWindowController.swift; path = JiraHelper/UI/Login/LoginWindowController.swift; sourceTree = SOURCE_ROOT; };
		BB0A2BFE1EBFB8C500A19D60 /* LoginWindowController.xib */ = {isa = PBXFileReference; fileEncoding = 4; lastKnownFileType = file.xib; name = LoginWindowController.xib; path = JiraHelper/UI/Login/LoginWindowController.xib; sourceTree = SOURCE_ROOT; };
		BB0A2C021EBFBB3100A19D60 /* TeamPickerViewController.swift */ = {isa = PBXFileReference; fileEncoding = 4; lastKnownFileType = sourcecode.swift; path = TeamPickerViewController.swift; sourceTree = "<group>"; };
		BB0A2C031EBFBB3100A19D60 /* TeamPickerViewController.xib */ = {isa = PBXFileReference; fileEncoding = 4; lastKnownFileType = file.xib; path = TeamPickerViewController.xib; sourceTree = "<group>"; };
		BB0A2C061EBFBDF500A19D60 /* LoginFlowContainerViewController.swift */ = {isa = PBXFileReference; fileEncoding = 4; lastKnownFileType = sourcecode.swift; name = LoginFlowContainerViewController.swift; path = JiraHelper/UI/Login/LoginFlowContainerViewController.swift; sourceTree = SOURCE_ROOT; };
		BB0A2C091EC12EF400A19D60 /* TeamCheckService.swift */ = {isa = PBXFileReference; fileEncoding = 4; lastKnownFileType = sourcecode.swift; path = TeamCheckService.swift; sourceTree = "<group>"; };
		BB0A2C0B1EC12F0400A19D60 /* TeamCheckEndpoints.swift */ = {isa = PBXFileReference; fileEncoding = 4; lastKnownFileType = sourcecode.swift; path = TeamCheckEndpoints.swift; sourceTree = "<group>"; };
		BB12D6EF1ED780A900FEA52A /* String+Extensions.swift */ = {isa = PBXFileReference; fileEncoding = 4; lastKnownFileType = sourcecode.swift; path = "String+Extensions.swift"; sourceTree = "<group>"; };
		BB12D6F21ED7825900FEA52A /* PasteboardService.swift */ = {isa = PBXFileReference; fileEncoding = 4; lastKnownFileType = sourcecode.swift; path = PasteboardService.swift; sourceTree = "<group>"; };
		BB19FBB91ED624B00094E83F /* TeamURLExtractor.swift */ = {isa = PBXFileReference; fileEncoding = 4; lastKnownFileType = sourcecode.swift; path = TeamURLExtractor.swift; sourceTree = "<group>"; };
		BB2046B61EBE095700084F34 /* KanbanCollectionViewLayout.swift */ = {isa = PBXFileReference; fileEncoding = 4; lastKnownFileType = sourcecode.swift; path = KanbanCollectionViewLayout.swift; sourceTree = "<group>"; };
		BB2046BB1EBE0AB000084F34 /* SprintViewController.xib */ = {isa = PBXFileReference; fileEncoding = 4; lastKnownFileType = file.xib; path = SprintViewController.xib; sourceTree = "<group>"; };
		BB2046C01EBE0F7300084F34 /* Optionals.swift */ = {isa = PBXFileReference; fileEncoding = 4; lastKnownFileType = sourcecode.swift; path = Optionals.swift; sourceTree = "<group>"; };
		BB2046C21EBE112900084F34 /* SprintCollectionViewItem.swift */ = {isa = PBXFileReference; fileEncoding = 4; lastKnownFileType = sourcecode.swift; path = SprintCollectionViewItem.swift; sourceTree = "<group>"; };
		BB2046C31EBE112900084F34 /* SprintCollectionViewItem.xib */ = {isa = PBXFileReference; fileEncoding = 4; lastKnownFileType = file.xib; path = SprintCollectionViewItem.xib; sourceTree = "<group>"; };
		BB2FC6741EC264BD0031917B /* TeamPickerViewModel.swift */ = {isa = PBXFileReference; fileEncoding = 4; lastKnownFileType = sourcecode.swift; path = TeamPickerViewModel.swift; sourceTree = "<group>"; };
		BB62DE781E56293A00AA3577 /* MainWindowController.xib */ = {isa = PBXFileReference; fileEncoding = 4; lastKnownFileType = file.xib; path = MainWindowController.xib; sourceTree = "<group>"; };
		BB62DE7C1E5634BA00AA3577 /* MainMenu.xib */ = {isa = PBXFileReference; fileEncoding = 4; lastKnownFileType = file.xib; path = MainMenu.xib; sourceTree = "<group>"; };
		BB62DEBB1E565A7800AA3577 /* MainWindow.swift */ = {isa = PBXFileReference; fileEncoding = 4; lastKnownFileType = sourcecode.swift; path = MainWindow.swift; sourceTree = "<group>"; };
		BBA77B8F1E57782A00C9842C /* TextInputViewController.xib */ = {isa = PBXFileReference; fileEncoding = 4; lastKnownFileType = file.xib; path = TextInputViewController.xib; sourceTree = "<group>"; };
		BBA77B931E57904100C9842C /* StylingProtocol.swift */ = {isa = PBXFileReference; fileEncoding = 4; lastKnownFileType = sourcecode.swift; path = StylingProtocol.swift; sourceTree = "<group>"; };
		BBA77B9A1E57922C00C9842C /* TextFieldStyles.swift */ = {isa = PBXFileReference; fileEncoding = 4; lastKnownFileType = sourcecode.swift; name = TextFieldStyles.swift; path = Styles/TextField/TextFieldStyles.swift; sourceTree = "<group>"; };
		BBA77B9C1E579D1600C9842C /* SprintViewController.swift */ = {isa = PBXFileReference; fileEncoding = 4; lastKnownFileType = sourcecode.swift; path = SprintViewController.swift; sourceTree = "<group>"; };
		BBA77BA21E57A0C600C9842C /* VerticallyCenteredTextFieldCell.swift */ = {isa = PBXFileReference; fileEncoding = 4; lastKnownFileType = sourcecode.swift; path = VerticallyCenteredTextFieldCell.swift; sourceTree = "<group>"; };
		BBA77BA51E57A3F200C9842C /* MainViewController.swift */ = {isa = PBXFileReference; fileEncoding = 4; lastKnownFileType = sourcecode.swift; path = MainViewController.swift; sourceTree = "<group>"; };
		BBA77BA71E57A3F800C9842C /* MainView.swift */ = {isa = PBXFileReference; fileEncoding = 4; lastKnownFileType = sourcecode.swift; path = MainView.swift; sourceTree = "<group>"; };
		BBA77BAA1E57A62300C9842C /* MaskImage.swift */ = {isa = PBXFileReference; fileEncoding = 4; lastKnownFileType = sourcecode.swift; path = MaskImage.swift; sourceTree = "<group>"; };
		BBD571FA1EC37D3E0061AD67 /* Validator.swift */ = {isa = PBXFileReference; fileEncoding = 4; lastKnownFileType = sourcecode.swift; path = Validator.swift; sourceTree = "<group>"; };
		BBD571FC1EC37F620061AD67 /* CommonValidators.swift */ = {isa = PBXFileReference; fileEncoding = 4; lastKnownFileType = sourcecode.swift; path = CommonValidators.swift; sourceTree = "<group>"; };
		BBD571FE1EC3B2C60061AD67 /* Observable+Extensions.swift */ = {isa = PBXFileReference; fileEncoding = 4; lastKnownFileType = sourcecode.swift; path = "Observable+Extensions.swift"; sourceTree = "<group>"; };
		BBE003721E39534E00E1A2A4 /* JiraHelper.app */ = {isa = PBXFileReference; explicitFileType = wrapper.application; includeInIndex = 0; path = JiraHelper.app; sourceTree = BUILT_PRODUCTS_DIR; };
		BBE003751E39534E00E1A2A4 /* AppDelegate.swift */ = {isa = PBXFileReference; lastKnownFileType = sourcecode.swift; path = AppDelegate.swift; sourceTree = "<group>"; };
		BBE003771E39534E00E1A2A4 /* Assets.xcassets */ = {isa = PBXFileReference; lastKnownFileType = folder.assetcatalog; path = Assets.xcassets; sourceTree = "<group>"; };
		BBE0037C1E39534E00E1A2A4 /* Info.plist */ = {isa = PBXFileReference; lastKnownFileType = text.plist.xml; path = Info.plist; sourceTree = "<group>"; };
		BBE003811E39534E00E1A2A4 /* JiraHelperTests.xctest */ = {isa = PBXFileReference; explicitFileType = wrapper.cfbundle; includeInIndex = 0; path = JiraHelperTests.xctest; sourceTree = BUILT_PRODUCTS_DIR; };
		BBE003851E39534E00E1A2A4 /* JiraHelperTests.swift */ = {isa = PBXFileReference; lastKnownFileType = sourcecode.swift; path = JiraHelperTests.swift; sourceTree = "<group>"; };
		BBE003871E39534E00E1A2A4 /* Info.plist */ = {isa = PBXFileReference; lastKnownFileType = text.plist.xml; path = Info.plist; sourceTree = "<group>"; };
		BBE0038C1E39534E00E1A2A4 /* JiraHelperUITests.xctest */ = {isa = PBXFileReference; explicitFileType = wrapper.cfbundle; includeInIndex = 0; path = JiraHelperUITests.xctest; sourceTree = BUILT_PRODUCTS_DIR; };
		BBE003901E39534E00E1A2A4 /* JiraHelperUITests.swift */ = {isa = PBXFileReference; lastKnownFileType = sourcecode.swift; path = JiraHelperUITests.swift; sourceTree = "<group>"; };
		BBE003921E39534E00E1A2A4 /* Info.plist */ = {isa = PBXFileReference; lastKnownFileType = text.plist.xml; path = Info.plist; sourceTree = "<group>"; };
		BBE003A11E395E3D00E1A2A4 /* Alamofire.framework */ = {isa = PBXFileReference; lastKnownFileType = wrapper.framework; name = Alamofire.framework; path = Carthage/Build/Mac/Alamofire.framework; sourceTree = "<group>"; };
		BBE003A21E395E3D00E1A2A4 /* RxCocoa.framework */ = {isa = PBXFileReference; lastKnownFileType = wrapper.framework; name = RxCocoa.framework; path = Carthage/Build/Mac/RxCocoa.framework; sourceTree = "<group>"; };
		BBE003A31E395E3D00E1A2A4 /* RxSwift.framework */ = {isa = PBXFileReference; lastKnownFileType = wrapper.framework; name = RxSwift.framework; path = Carthage/Build/Mac/RxSwift.framework; sourceTree = "<group>"; };
		BBE003A41E395E3D00E1A2A4 /* SnapKit.framework */ = {isa = PBXFileReference; lastKnownFileType = wrapper.framework; name = SnapKit.framework; path = Carthage/Build/Mac/SnapKit.framework; sourceTree = "<group>"; };
		BBE003B01E395EBB00E1A2A4 /* Alamofire.framework.dSYM */ = {isa = PBXFileReference; lastKnownFileType = wrapper.dsym; name = Alamofire.framework.dSYM; path = Carthage/Build/Mac/Alamofire.framework.dSYM; sourceTree = "<group>"; };
		BBE003B11E395EBB00E1A2A4 /* RxCocoa.framework.dSYM */ = {isa = PBXFileReference; lastKnownFileType = wrapper.dsym; name = RxCocoa.framework.dSYM; path = Carthage/Build/Mac/RxCocoa.framework.dSYM; sourceTree = "<group>"; };
		BBE003B21E395EBB00E1A2A4 /* RxSwift.framework.dSYM */ = {isa = PBXFileReference; lastKnownFileType = wrapper.dsym; name = RxSwift.framework.dSYM; path = Carthage/Build/Mac/RxSwift.framework.dSYM; sourceTree = "<group>"; };
		BBE003B31E395EBB00E1A2A4 /* SnapKit.framework.dSYM */ = {isa = PBXFileReference; lastKnownFileType = wrapper.dsym; name = SnapKit.framework.dSYM; path = Carthage/Build/Mac/SnapKit.framework.dSYM; sourceTree = "<group>"; };
		BBE003B81E39617000E1A2A4 /* Bridging-Header.h */ = {isa = PBXFileReference; lastKnownFileType = sourcecode.c.h; path = "Bridging-Header.h"; sourceTree = "<group>"; };
		BBE003B91E3966EF00E1A2A4 /* MASShortcut.framework */ = {isa = PBXFileReference; lastKnownFileType = wrapper.framework; name = MASShortcut.framework; path = Carthage/Build/Mac/MASShortcut.framework; sourceTree = "<group>"; };
		BBE003BC1E39670400E1A2A4 /* MASShortcut.framework.dSYM */ = {isa = PBXFileReference; lastKnownFileType = wrapper.dsym; name = MASShortcut.framework.dSYM; path = Carthage/Build/Mac/MASShortcut.framework.dSYM; sourceTree = "<group>"; };
		FA6E3DCE04F5BFDCA73B1FEF /* TextInputViewController.swift */ = {isa = PBXFileReference; fileEncoding = 4; lastKnownFileType = sourcecode.swift; path = TextInputViewController.swift; sourceTree = "<group>"; };
		FA6E3E0F84798393906871DE /* MainWindowController.swift */ = {isa = PBXFileReference; fileEncoding = 4; lastKnownFileType = sourcecode.swift; path = MainWindowController.swift; sourceTree = "<group>"; };
/* End PBXFileReference section */

/* Begin PBXFrameworksBuildPhase section */
		BBE0036F1E39534E00E1A2A4 /* Frameworks */ = {
			isa = PBXFrameworksBuildPhase;
			buildActionMask = 2147483647;
			files = (
				BBE003BA1E3966EF00E1A2A4 /* MASShortcut.framework in Frameworks */,
				BBE003A71E395E3D00E1A2A4 /* RxCocoa.framework in Frameworks */,
				BBE003A51E395E3D00E1A2A4 /* Alamofire.framework in Frameworks */,
				BB0A2BE01EBF665D00A19D60 /* Mapper.framework in Frameworks */,
				BBE003A91E395E3D00E1A2A4 /* RxSwift.framework in Frameworks */,
				BBE003AB1E395E3D00E1A2A4 /* SnapKit.framework in Frameworks */,
			);
			runOnlyForDeploymentPostprocessing = 0;
		};
		BBE0037E1E39534E00E1A2A4 /* Frameworks */ = {
			isa = PBXFrameworksBuildPhase;
			buildActionMask = 2147483647;
			files = (
			);
			runOnlyForDeploymentPostprocessing = 0;
		};
		BBE003891E39534E00E1A2A4 /* Frameworks */ = {
			isa = PBXFrameworksBuildPhase;
			buildActionMask = 2147483647;
			files = (
			);
			runOnlyForDeploymentPostprocessing = 0;
		};
/* End PBXFrameworksBuildPhase section */

/* Begin PBXGroup section */
		BB0A2BCC1EBF43F400A19D60 /* Networking */ = {
			isa = PBXGroup;
			children = (
				BB0A2BCE1EBF448100A19D60 /* EndpointConfiguration.swift */,
				BB0A2BDD1EBF4B8A00A19D60 /* NetworkService.swift */,
			);
			path = Networking;
			sourceTree = "<group>";
		};
		BB0A2BD11EBF47A600A19D60 /* Logger */ = {
			isa = PBXGroup;
			children = (
				BB0A2BD21EBF47B600A19D60 /* Logger.swift */,
			);
			path = Logger;
			sourceTree = "<group>";
		};
		BB0A2BE41EBF6BB300A19D60 /* JIRA */ = {
			isa = PBXGroup;
			children = (
				BB0A2C081EC12DD200A19D60 /* TeamCheck */,
				BB0A2BF21EBF9B9700A19D60 /* Authentication */,
				BB0A2BEF1EBF8CD700A19D60 /* Paging */,
				BB0A2BEC1EBF89AE00A19D60 /* API */,
				BB0A2BE51EBF6BD100A19D60 /* Board */,
			);
			path = JIRA;
			sourceTree = "<group>";
		};
		BB0A2BE51EBF6BD100A19D60 /* Board */ = {
			isa = PBXGroup;
			children = (
				BB0A2BE61EBF6C5A00A19D60 /* Board.swift */,
				BB0A2BE81EBF838200A19D60 /* BoardService.swift */,
				BB0A2BEA1EBF839000A19D60 /* BoardEndpoints.swift */,
			);
			path = Board;
			sourceTree = "<group>";
		};
		BB0A2BEC1EBF89AE00A19D60 /* API */ = {
			isa = PBXGroup;
			children = (
				BB0A2BED1EBF8A2600A19D60 /* JIRARestAPI.swift */,
			);
			path = API;
			sourceTree = "<group>";
		};
		BB0A2BEF1EBF8CD700A19D60 /* Paging */ = {
			isa = PBXGroup;
			children = (
				BB0A2BF01EBF8D4100A19D60 /* PagingData.swift */,
			);
			path = Paging;
			sourceTree = "<group>";
		};
		BB0A2BF21EBF9B9700A19D60 /* Authentication */ = {
			isa = PBXGroup;
			children = (
				BB0A2BF31EBF9C8400A19D60 /* AuthenticationProvider.swift */,
			);
			path = Authentication;
			sourceTree = "<group>";
		};
		BB0A2BF51EBFB48B00A19D60 /* RootFlow */ = {
			isa = PBXGroup;
			children = (
				BB0A2BF61EBFB4AA00A19D60 /* RootFlowController.swift */,
			);
			name = RootFlow;
			path = MainFlow;
			sourceTree = "<group>";
		};
		BB0A2BF81EBFB58C00A19D60 /* Login */ = {
			isa = PBXGroup;
			children = (
				BB0A2C011EBFBAC600A19D60 /* TeamPicker */,
				BB0A2BFD1EBFB8C500A19D60 /* LoginWindowController.swift */,
				BB0A2BFE1EBFB8C500A19D60 /* LoginWindowController.xib */,
				BB0A2C061EBFBDF500A19D60 /* LoginFlowContainerViewController.swift */,
			);
			path = Login;
			sourceTree = "<group>";
		};
		BB0A2C011EBFBAC600A19D60 /* TeamPicker */ = {
			isa = PBXGroup;
			children = (
				BB0A2C021EBFBB3100A19D60 /* TeamPickerViewController.swift */,
				BB0A2C031EBFBB3100A19D60 /* TeamPickerViewController.xib */,
				BB2FC6741EC264BD0031917B /* TeamPickerViewModel.swift */,
			);
			path = TeamPicker;
			sourceTree = "<group>";
		};
		BB0A2C081EC12DD200A19D60 /* TeamCheck */ = {
			isa = PBXGroup;
			children = (
				BB0A2C091EC12EF400A19D60 /* TeamCheckService.swift */,
				BB0A2C0B1EC12F0400A19D60 /* TeamCheckEndpoints.swift */,
				BB19FBB91ED624B00094E83F /* TeamURLExtractor.swift */,
			);
			path = TeamCheck;
			sourceTree = "<group>";
		};
		BB12D6F11ED7815000FEA52A /* Pasteboard */ = {
			isa = PBXGroup;
			children = (
				BB12D6F21ED7825900FEA52A /* PasteboardService.swift */,
			);
			path = Pasteboard;
			sourceTree = "<group>";
		};
		BB2046B41EBE093C00084F34 /* Views */ = {
			isa = PBXGroup;
			children = (
				BB2046B51EBE094D00084F34 /* Kanban */,
			);
			path = Views;
			sourceTree = "<group>";
		};
		BB2046B51EBE094D00084F34 /* Kanban */ = {
			isa = PBXGroup;
			children = (
				BB2046B61EBE095700084F34 /* KanbanCollectionViewLayout.swift */,
			);
			name = Kanban;
			sourceTree = "<group>";
		};
		BB2046B81EBE0A1A00084F34 /* Components */ = {
			isa = PBXGroup;
			children = (
				BB2046C21EBE112900084F34 /* SprintCollectionViewItem.swift */,
				BB2046C31EBE112900084F34 /* SprintCollectionViewItem.xib */,
				BB0A2BC81EBE45AB00A19D60 /* SprintCollectionView.swift */,
			);
			path = Components;
			sourceTree = "<group>";
		};
		BB2046BF1EBE0DBD00084F34 /* Utilities */ = {
			isa = PBXGroup;
			children = (
				BB0A2BD11EBF47A600A19D60 /* Logger */,
				BB2046C01EBE0F7300084F34 /* Optionals.swift */,
				BBD571FE1EC3B2C60061AD67 /* Observable+Extensions.swift */,
				BB12D6EF1ED780A900FEA52A /* String+Extensions.swift */,
			);
			path = Utilities;
			sourceTree = "<group>";
		};
		BB62DE751E5623C000AA3577 /* UI */ = {
			isa = PBXGroup;
			children = (
				BB0A2BF81EBFB58C00A19D60 /* Login */,
				BB0A2BF51EBFB48B00A19D60 /* RootFlow */,
				BB2046B41EBE093C00084F34 /* Views */,
				BBA77BA91E57A60800C9842C /* Utilities */,
				BBA77BA41E57A3D900C9842C /* Main */,
				BBA77BA11E57A08300C9842C /* Controls */,
				BBA77B921E578FE500C9842C /* Styles */,
				BBA77B9A1E57922C00C9842C /* TextFieldStyles.swift */,
				BBA77B911E578E6700C9842C /* SprintView */,
				BB62DE7C1E5634BA00AA3577 /* MainMenu.xib */,
				FA6E3B792A42ED94A8684593 /* Window */,
				FA6E385260CF027AC4DC0830 /* TextInput */,
			);
			path = UI;
			sourceTree = "<group>";
		};
		BBA77B911E578E6700C9842C /* SprintView */ = {
			isa = PBXGroup;
			children = (
				BB2046B81EBE0A1A00084F34 /* Components */,
				BB2046BB1EBE0AB000084F34 /* SprintViewController.xib */,
				BBA77B9C1E579D1600C9842C /* SprintViewController.swift */,
			);
			path = SprintView;
			sourceTree = "<group>";
		};
		BBA77B921E578FE500C9842C /* Styles */ = {
			isa = PBXGroup;
			children = (
				BBA77B971E57915A00C9842C /* Label */,
				BBA77B961E57915300C9842C /* TextField */,
				BBA77B931E57904100C9842C /* StylingProtocol.swift */,
			);
			path = Styles;
			sourceTree = "<group>";
		};
		BBA77B961E57915300C9842C /* TextField */ = {
			isa = PBXGroup;
			children = (
			);
			path = TextField;
			sourceTree = "<group>";
		};
		BBA77B971E57915A00C9842C /* Label */ = {
			isa = PBXGroup;
			children = (
			);
			path = Label;
			sourceTree = "<group>";
		};
		BBA77BA01E579D3D00C9842C /* Model */ = {
			isa = PBXGroup;
			children = (
				BB12D6F11ED7815000FEA52A /* Pasteboard */,
				BBD571F91EC37D2F0061AD67 /* Validators */,
				BB0A2BE41EBF6BB300A19D60 /* JIRA */,
				BB0A2BCC1EBF43F400A19D60 /* Networking */,
			);
			path = Model;
			sourceTree = "<group>";
		};
		BBA77BA11E57A08300C9842C /* Controls */ = {
			isa = PBXGroup;
			children = (
				BBA77BA21E57A0C600C9842C /* VerticallyCenteredTextFieldCell.swift */,
			);
			path = Controls;
			sourceTree = "<group>";
		};
		BBA77BA41E57A3D900C9842C /* Main */ = {
			isa = PBXGroup;
			children = (
				BBA77BA51E57A3F200C9842C /* MainViewController.swift */,
				BBA77BA71E57A3F800C9842C /* MainView.swift */,
			);
			path = Main;
			sourceTree = "<group>";
		};
		BBA77BA91E57A60800C9842C /* Utilities */ = {
			isa = PBXGroup;
			children = (
				BBA77BAA1E57A62300C9842C /* MaskImage.swift */,
			);
			path = Utilities;
			sourceTree = "<group>";
		};
		BBD571F91EC37D2F0061AD67 /* Validators */ = {
			isa = PBXGroup;
			children = (
				BBD571FA1EC37D3E0061AD67 /* Validator.swift */,
				BBD571FC1EC37F620061AD67 /* CommonValidators.swift */,
			);
			path = Validators;
			sourceTree = "<group>";
		};
		BBE003691E39534E00E1A2A4 = {
			isa = PBXGroup;
			children = (
				BBE003AE1E395E6800E1A2A4 /* Frameworks */,
				BBE003741E39534E00E1A2A4 /* JiraHelper */,
				BBE003841E39534E00E1A2A4 /* JiraHelperTests */,
				BBE0038F1E39534E00E1A2A4 /* JiraHelperUITests */,
				BBE003731E39534E00E1A2A4 /* Products */,
			);
			sourceTree = "<group>";
		};
		BBE003731E39534E00E1A2A4 /* Products */ = {
			isa = PBXGroup;
			children = (
				BBE003721E39534E00E1A2A4 /* JiraHelper.app */,
				BBE003811E39534E00E1A2A4 /* JiraHelperTests.xctest */,
				BBE0038C1E39534E00E1A2A4 /* JiraHelperUITests.xctest */,
			);
			name = Products;
			sourceTree = "<group>";
		};
		BBE003741E39534E00E1A2A4 /* JiraHelper */ = {
			isa = PBXGroup;
			children = (
				BB2046BF1EBE0DBD00084F34 /* Utilities */,
				BBA77BA01E579D3D00C9842C /* Model */,
				BB62DE751E5623C000AA3577 /* UI */,
				BBE0039E1E39596A00E1A2A4 /* Events */,
				BBE003751E39534E00E1A2A4 /* AppDelegate.swift */,
				BBE003771E39534E00E1A2A4 /* Assets.xcassets */,
				BBE0037C1E39534E00E1A2A4 /* Info.plist */,
				BBE003B81E39617000E1A2A4 /* Bridging-Header.h */,
			);
			path = JiraHelper;
			sourceTree = "<group>";
		};
		BBE003841E39534E00E1A2A4 /* JiraHelperTests */ = {
			isa = PBXGroup;
			children = (
				BBE003851E39534E00E1A2A4 /* JiraHelperTests.swift */,
				BBE003871E39534E00E1A2A4 /* Info.plist */,
			);
			path = JiraHelperTests;
			sourceTree = "<group>";
		};
		BBE0038F1E39534E00E1A2A4 /* JiraHelperUITests */ = {
			isa = PBXGroup;
			children = (
				BBE003901E39534E00E1A2A4 /* JiraHelperUITests.swift */,
				BBE003921E39534E00E1A2A4 /* Info.plist */,
			);
			path = JiraHelperUITests;
			sourceTree = "<group>";
		};
		BBE0039E1E39596A00E1A2A4 /* Events */ = {
			isa = PBXGroup;
			children = (
			);
			name = Events;
			sourceTree = "<group>";
		};
		BBE003AE1E395E6800E1A2A4 /* Frameworks */ = {
			isa = PBXGroup;
			children = (
				BB0A2BE21EBF66B600A19D60 /* Mapper.framework.dSYM */,
				BB0A2BDF1EBF665D00A19D60 /* Mapper.framework */,
				BB0A2BDB1EBF49C400A19D60 /* SwiftyBeaver.framework.dSYM */,
				BB0A2BD91EBF49AC00A19D60 /* SwiftyBeaver.framework */,
				BBE003BC1E39670400E1A2A4 /* MASShortcut.framework.dSYM */,
				BBE003B91E3966EF00E1A2A4 /* MASShortcut.framework */,
				BBE003B01E395EBB00E1A2A4 /* Alamofire.framework.dSYM */,
				BBE003B11E395EBB00E1A2A4 /* RxCocoa.framework.dSYM */,
				BBE003B21E395EBB00E1A2A4 /* RxSwift.framework.dSYM */,
				BBE003B31E395EBB00E1A2A4 /* SnapKit.framework.dSYM */,
				BBE003A11E395E3D00E1A2A4 /* Alamofire.framework */,
				BBE003A21E395E3D00E1A2A4 /* RxCocoa.framework */,
				BBE003A31E395E3D00E1A2A4 /* RxSwift.framework */,
				BBE003A41E395E3D00E1A2A4 /* SnapKit.framework */,
			);
			name = Frameworks;
			sourceTree = "<group>";
		};
		FA6E385260CF027AC4DC0830 /* TextInput */ = {
			isa = PBXGroup;
			children = (
				FA6E3DCE04F5BFDCA73B1FEF /* TextInputViewController.swift */,
				BBA77B8F1E57782A00C9842C /* TextInputViewController.xib */,
			);
			path = TextInput;
			sourceTree = "<group>";
		};
		FA6E3B792A42ED94A8684593 /* Window */ = {
			isa = PBXGroup;
			children = (
				FA6E3E0F84798393906871DE /* MainWindowController.swift */,
				BB62DE781E56293A00AA3577 /* MainWindowController.xib */,
				BB62DEBB1E565A7800AA3577 /* MainWindow.swift */,
			);
			path = Window;
			sourceTree = "<group>";
		};
/* End PBXGroup section */

/* Begin PBXNativeTarget section */
		BBE003711E39534E00E1A2A4 /* JiraHelper */ = {
			isa = PBXNativeTarget;
			buildConfigurationList = BBE003951E39534E00E1A2A4 /* Build configuration list for PBXNativeTarget "JiraHelper" */;
			buildPhases = (
				BBE0036E1E39534E00E1A2A4 /* Sources */,
				BBE0036F1E39534E00E1A2A4 /* Frameworks */,
				BBE003701E39534E00E1A2A4 /* Resources */,
				BBE003AD1E395E3D00E1A2A4 /* Embed Frameworks */,
				BBE003AF1E395EA400E1A2A4 /* CopyFiles */,
			);
			buildRules = (
			);
			dependencies = (
			);
			name = JiraHelper;
			productName = JiraHelper;
			productReference = BBE003721E39534E00E1A2A4 /* JiraHelper.app */;
			productType = "com.apple.product-type.application";
		};
		BBE003801E39534E00E1A2A4 /* JiraHelperTests */ = {
			isa = PBXNativeTarget;
			buildConfigurationList = BBE003981E39534E00E1A2A4 /* Build configuration list for PBXNativeTarget "JiraHelperTests" */;
			buildPhases = (
				BBE0037D1E39534E00E1A2A4 /* Sources */,
				BBE0037E1E39534E00E1A2A4 /* Frameworks */,
				BBE0037F1E39534E00E1A2A4 /* Resources */,
			);
			buildRules = (
			);
			dependencies = (
				BBE003831E39534E00E1A2A4 /* PBXTargetDependency */,
			);
			name = JiraHelperTests;
			productName = JiraHelperTests;
			productReference = BBE003811E39534E00E1A2A4 /* JiraHelperTests.xctest */;
			productType = "com.apple.product-type.bundle.unit-test";
		};
		BBE0038B1E39534E00E1A2A4 /* JiraHelperUITests */ = {
			isa = PBXNativeTarget;
			buildConfigurationList = BBE0039B1E39534E00E1A2A4 /* Build configuration list for PBXNativeTarget "JiraHelperUITests" */;
			buildPhases = (
				BBE003881E39534E00E1A2A4 /* Sources */,
				BBE003891E39534E00E1A2A4 /* Frameworks */,
				BBE0038A1E39534E00E1A2A4 /* Resources */,
			);
			buildRules = (
			);
			dependencies = (
				BBE0038E1E39534E00E1A2A4 /* PBXTargetDependency */,
			);
			name = JiraHelperUITests;
			productName = JiraHelperUITests;
			productReference = BBE0038C1E39534E00E1A2A4 /* JiraHelperUITests.xctest */;
			productType = "com.apple.product-type.bundle.ui-testing";
		};
/* End PBXNativeTarget section */

/* Begin PBXProject section */
		BBE0036A1E39534E00E1A2A4 /* Project object */ = {
			isa = PBXProject;
			attributes = {
				LastSwiftUpdateCheck = 0820;
				LastUpgradeCheck = 0820;
				ORGANIZATIONNAME = "Kacper Harasim";
				TargetAttributes = {
					BBE003711E39534E00E1A2A4 = {
						CreatedOnToolsVersion = 8.2.1;
						DevelopmentTeam = 96TQV7B5LD;
						ProvisioningStyle = Automatic;
					};
					BBE003801E39534E00E1A2A4 = {
						CreatedOnToolsVersion = 8.2.1;
						DevelopmentTeam = 96TQV7B5LD;
						ProvisioningStyle = Automatic;
						TestTargetID = BBE003711E39534E00E1A2A4;
					};
					BBE0038B1E39534E00E1A2A4 = {
						CreatedOnToolsVersion = 8.2.1;
						DevelopmentTeam = 96TQV7B5LD;
						ProvisioningStyle = Automatic;
						TestTargetID = BBE003711E39534E00E1A2A4;
					};
				};
			};
			buildConfigurationList = BBE0036D1E39534E00E1A2A4 /* Build configuration list for PBXProject "JiraHelper" */;
			compatibilityVersion = "Xcode 3.2";
			developmentRegion = English;
			hasScannedForEncodings = 0;
			knownRegions = (
				en,
				Base,
			);
			mainGroup = BBE003691E39534E00E1A2A4;
			productRefGroup = BBE003731E39534E00E1A2A4 /* Products */;
			projectDirPath = "";
			projectRoot = "";
			targets = (
				BBE003711E39534E00E1A2A4 /* JiraHelper */,
				BBE003801E39534E00E1A2A4 /* JiraHelperTests */,
				BBE0038B1E39534E00E1A2A4 /* JiraHelperUITests */,
			);
		};
/* End PBXProject section */

/* Begin PBXResourcesBuildPhase section */
		BBE003701E39534E00E1A2A4 /* Resources */ = {
			isa = PBXResourcesBuildPhase;
			buildActionMask = 2147483647;
			files = (
				BBA77B901E57782A00C9842C /* TextInputViewController.xib in Resources */,
				BB0A2C051EBFBB3100A19D60 /* TeamPickerViewController.xib in Resources */,
				BB2046C51EBE112900084F34 /* SprintCollectionViewItem.xib in Resources */,
				BBE003781E39534E00E1A2A4 /* Assets.xcassets in Resources */,
				BB62DE791E56293A00AA3577 /* MainWindowController.xib in Resources */,
				BB2046BC1EBE0AB000084F34 /* SprintViewController.xib in Resources */,
				BB62DE7D1E5634BA00AA3577 /* MainMenu.xib in Resources */,
				BB0A2C001EBFB8C500A19D60 /* LoginWindowController.xib in Resources */,
			);
			runOnlyForDeploymentPostprocessing = 0;
		};
		BBE0037F1E39534E00E1A2A4 /* Resources */ = {
			isa = PBXResourcesBuildPhase;
			buildActionMask = 2147483647;
			files = (
			);
			runOnlyForDeploymentPostprocessing = 0;
		};
		BBE0038A1E39534E00E1A2A4 /* Resources */ = {
			isa = PBXResourcesBuildPhase;
			buildActionMask = 2147483647;
			files = (
			);
			runOnlyForDeploymentPostprocessing = 0;
		};
/* End PBXResourcesBuildPhase section */

/* Begin PBXSourcesBuildPhase section */
		BBE0036E1E39534E00E1A2A4 /* Sources */ = {
			isa = PBXSourcesBuildPhase;
			buildActionMask = 2147483647;
			files = (
				BB2FC6751EC264BD0031917B /* TeamPickerViewModel.swift in Sources */,
				BB2046C11EBE0F7300084F34 /* Optionals.swift in Sources */,
				BBA77B9B1E57922C00C9842C /* TextFieldStyles.swift in Sources */,
				BBE003761E39534E00E1A2A4 /* AppDelegate.swift in Sources */,
				BB12D6F31ED7825900FEA52A /* PasteboardService.swift in Sources */,
				BB12D6F01ED780A900FEA52A /* String+Extensions.swift in Sources */,
				BB2046C41EBE112900084F34 /* SprintCollectionViewItem.swift in Sources */,
				BB0A2BFF1EBFB8C500A19D60 /* LoginWindowController.swift in Sources */,
				BB0A2BDE1EBF4B8A00A19D60 /* NetworkService.swift in Sources */,
				BBA77BA31E57A0C600C9842C /* VerticallyCenteredTextFieldCell.swift in Sources */,
				BB0A2BF11EBF8D4100A19D60 /* PagingData.swift in Sources */,
				BB0A2C071EBFBDF500A19D60 /* LoginFlowContainerViewController.swift in Sources */,
				BBA77BA81E57A3F800C9842C /* MainView.swift in Sources */,
				BB0A2BCF1EBF448100A19D60 /* EndpointConfiguration.swift in Sources */,
				BBA77BAB1E57A62300C9842C /* MaskImage.swift in Sources */,
				BB0A2C0C1EC12F0400A19D60 /* TeamCheckEndpoints.swift in Sources */,
				BB0A2BF41EBF9C8400A19D60 /* AuthenticationProvider.swift in Sources */,
				BB0A2BD31EBF47B600A19D60 /* Logger.swift in Sources */,
				BBD571FB1EC37D3E0061AD67 /* Validator.swift in Sources */,
				BB0A2C041EBFBB3100A19D60 /* TeamPickerViewController.swift in Sources */,
				BB0A2C0A1EC12EF400A19D60 /* TeamCheckService.swift in Sources */,
				BB0A2BE91EBF838200A19D60 /* BoardService.swift in Sources */,
				BB0A2BEB1EBF839000A19D60 /* BoardEndpoints.swift in Sources */,
				FA6E3C6DED0B860D768D19B1 /* MainWindowController.swift in Sources */,
				BBA77B9D1E579D1600C9842C /* SprintViewController.swift in Sources */,
				BB2046B71EBE095700084F34 /* KanbanCollectionViewLayout.swift in Sources */,
				BB62DEBC1E565A7800AA3577 /* MainWindow.swift in Sources */,
				BB0A2BC91EBE45AB00A19D60 /* SprintCollectionView.swift in Sources */,
				BBA77BA61E57A3F200C9842C /* MainViewController.swift in Sources */,
				BB19FBBA1ED624B00094E83F /* TeamURLExtractor.swift in Sources */,
				BBA77B941E57904100C9842C /* StylingProtocol.swift in Sources */,
				BB0A2BE71EBF6C5A00A19D60 /* Board.swift in Sources */,
				BBD571FD1EC37F620061AD67 /* CommonValidators.swift in Sources */,
				BBD571FF1EC3B2C60061AD67 /* Observable+Extensions.swift in Sources */,
				BB0A2BEE1EBF8A2600A19D60 /* JIRARestAPI.swift in Sources */,
				BB0A2BF71EBFB4AA00A19D60 /* RootFlowController.swift in Sources */,
				FA6E351536938100E1D24BBE /* TextInputViewController.swift in Sources */,
			);
			runOnlyForDeploymentPostprocessing = 0;
		};
		BBE0037D1E39534E00E1A2A4 /* Sources */ = {
			isa = PBXSourcesBuildPhase;
			buildActionMask = 2147483647;
			files = (
				BBE003861E39534E00E1A2A4 /* JiraHelperTests.swift in Sources */,
			);
			runOnlyForDeploymentPostprocessing = 0;
		};
		BBE003881E39534E00E1A2A4 /* Sources */ = {
			isa = PBXSourcesBuildPhase;
			buildActionMask = 2147483647;
			files = (
				BBE003911E39534E00E1A2A4 /* JiraHelperUITests.swift in Sources */,
			);
			runOnlyForDeploymentPostprocessing = 0;
		};
/* End PBXSourcesBuildPhase section */

/* Begin PBXTargetDependency section */
		BBE003831E39534E00E1A2A4 /* PBXTargetDependency */ = {
			isa = PBXTargetDependency;
			target = BBE003711E39534E00E1A2A4 /* JiraHelper */;
			targetProxy = BBE003821E39534E00E1A2A4 /* PBXContainerItemProxy */;
		};
		BBE0038E1E39534E00E1A2A4 /* PBXTargetDependency */ = {
			isa = PBXTargetDependency;
			target = BBE003711E39534E00E1A2A4 /* JiraHelper */;
			targetProxy = BBE0038D1E39534E00E1A2A4 /* PBXContainerItemProxy */;
		};
/* End PBXTargetDependency section */

/* Begin XCBuildConfiguration section */
		BBE003931E39534E00E1A2A4 /* Debug */ = {
			isa = XCBuildConfiguration;
			buildSettings = {
				ALWAYS_SEARCH_USER_PATHS = NO;
				CLANG_ANALYZER_NONNULL = YES;
				CLANG_CXX_LANGUAGE_STANDARD = "gnu++0x";
				CLANG_CXX_LIBRARY = "libc++";
				CLANG_ENABLE_MODULES = YES;
				CLANG_ENABLE_OBJC_ARC = YES;
				CLANG_WARN_BOOL_CONVERSION = YES;
				CLANG_WARN_CONSTANT_CONVERSION = YES;
				CLANG_WARN_DIRECT_OBJC_ISA_USAGE = YES_ERROR;
				CLANG_WARN_DOCUMENTATION_COMMENTS = YES;
				CLANG_WARN_EMPTY_BODY = YES;
				CLANG_WARN_ENUM_CONVERSION = YES;
				CLANG_WARN_INFINITE_RECURSION = YES;
				CLANG_WARN_INT_CONVERSION = YES;
				CLANG_WARN_OBJC_ROOT_CLASS = YES_ERROR;
				CLANG_WARN_SUSPICIOUS_MOVE = YES;
				CLANG_WARN_UNREACHABLE_CODE = YES;
				CLANG_WARN__DUPLICATE_METHOD_MATCH = YES;
				CODE_SIGN_IDENTITY = "-";
				COPY_PHASE_STRIP = NO;
				DEBUG_INFORMATION_FORMAT = dwarf;
				ENABLE_STRICT_OBJC_MSGSEND = YES;
				ENABLE_TESTABILITY = YES;
				GCC_C_LANGUAGE_STANDARD = gnu99;
				GCC_DYNAMIC_NO_PIC = NO;
				GCC_NO_COMMON_BLOCKS = YES;
				GCC_OPTIMIZATION_LEVEL = 0;
				GCC_PREPROCESSOR_DEFINITIONS = (
					"DEBUG=1",
					"$(inherited)",
				);
				GCC_WARN_64_TO_32_BIT_CONVERSION = YES;
				GCC_WARN_ABOUT_RETURN_TYPE = YES_ERROR;
				GCC_WARN_UNDECLARED_SELECTOR = YES;
				GCC_WARN_UNINITIALIZED_AUTOS = YES_AGGRESSIVE;
				GCC_WARN_UNUSED_FUNCTION = YES;
				GCC_WARN_UNUSED_VARIABLE = YES;
				MACOSX_DEPLOYMENT_TARGET = 10.12;
				MTL_ENABLE_DEBUG_INFO = YES;
				ONLY_ACTIVE_ARCH = YES;
				SDKROOT = macosx;
				SWIFT_ACTIVE_COMPILATION_CONDITIONS = DEBUG;
				SWIFT_OPTIMIZATION_LEVEL = "-Onone";
				SWIFT_VERSION = 3.1;
			};
			name = Debug;
		};
		BBE003941E39534E00E1A2A4 /* Release */ = {
			isa = XCBuildConfiguration;
			buildSettings = {
				ALWAYS_SEARCH_USER_PATHS = NO;
				CLANG_ANALYZER_NONNULL = YES;
				CLANG_CXX_LANGUAGE_STANDARD = "gnu++0x";
				CLANG_CXX_LIBRARY = "libc++";
				CLANG_ENABLE_MODULES = YES;
				CLANG_ENABLE_OBJC_ARC = YES;
				CLANG_WARN_BOOL_CONVERSION = YES;
				CLANG_WARN_CONSTANT_CONVERSION = YES;
				CLANG_WARN_DIRECT_OBJC_ISA_USAGE = YES_ERROR;
				CLANG_WARN_DOCUMENTATION_COMMENTS = YES;
				CLANG_WARN_EMPTY_BODY = YES;
				CLANG_WARN_ENUM_CONVERSION = YES;
				CLANG_WARN_INFINITE_RECURSION = YES;
				CLANG_WARN_INT_CONVERSION = YES;
				CLANG_WARN_OBJC_ROOT_CLASS = YES_ERROR;
				CLANG_WARN_SUSPICIOUS_MOVE = YES;
				CLANG_WARN_UNREACHABLE_CODE = YES;
				CLANG_WARN__DUPLICATE_METHOD_MATCH = YES;
				CODE_SIGN_IDENTITY = "-";
				COPY_PHASE_STRIP = NO;
				DEBUG_INFORMATION_FORMAT = "dwarf-with-dsym";
				ENABLE_NS_ASSERTIONS = NO;
				ENABLE_STRICT_OBJC_MSGSEND = YES;
				GCC_C_LANGUAGE_STANDARD = gnu99;
				GCC_NO_COMMON_BLOCKS = YES;
				GCC_WARN_64_TO_32_BIT_CONVERSION = YES;
				GCC_WARN_ABOUT_RETURN_TYPE = YES_ERROR;
				GCC_WARN_UNDECLARED_SELECTOR = YES;
				GCC_WARN_UNINITIALIZED_AUTOS = YES_AGGRESSIVE;
				GCC_WARN_UNUSED_FUNCTION = YES;
				GCC_WARN_UNUSED_VARIABLE = YES;
				MACOSX_DEPLOYMENT_TARGET = 10.12;
				MTL_ENABLE_DEBUG_INFO = NO;
				SDKROOT = macosx;
				SWIFT_OPTIMIZATION_LEVEL = "-Owholemodule";
				SWIFT_VERSION = 3.1;
			};
			name = Release;
		};
		BBE003961E39534E00E1A2A4 /* Debug */ = {
			isa = XCBuildConfiguration;
			buildSettings = {
				ASSETCATALOG_COMPILER_APPICON_NAME = AppIcon;
				COMBINE_HIDPI_IMAGES = YES;
				DEVELOPMENT_TEAM = 96TQV7B5LD;
				FRAMEWORK_SEARCH_PATHS = (
					"$(inherited)",
					"$(PROJECT_DIR)/Carthage/Build/Mac",
				);
				INFOPLIST_FILE = JiraHelper/Info.plist;
				LD_RUNPATH_SEARCH_PATHS = "$(inherited) @executable_path/../Frameworks";
				PRODUCT_BUNDLE_IDENTIFIER = com.harasim.JiraHelper;
				PRODUCT_NAME = "$(TARGET_NAME)";
				SWIFT_OBJC_BRIDGING_HEADER = "JiraHelper/Bridging-Header.h";
				SWIFT_VERSION = 3.1;
			};
			name = Debug;
		};
		BBE003971E39534E00E1A2A4 /* Release */ = {
			isa = XCBuildConfiguration;
			buildSettings = {
				ASSETCATALOG_COMPILER_APPICON_NAME = AppIcon;
				COMBINE_HIDPI_IMAGES = YES;
				DEVELOPMENT_TEAM = 96TQV7B5LD;
				FRAMEWORK_SEARCH_PATHS = (
					"$(inherited)",
					"$(PROJECT_DIR)/Carthage/Build/Mac",
				);
				INFOPLIST_FILE = JiraHelper/Info.plist;
				LD_RUNPATH_SEARCH_PATHS = "$(inherited) @executable_path/../Frameworks";
				PRODUCT_BUNDLE_IDENTIFIER = com.harasim.JiraHelper;
				PRODUCT_NAME = "$(TARGET_NAME)";
				SWIFT_OBJC_BRIDGING_HEADER = "JiraHelper/Bridging-Header.h";
				SWIFT_VERSION = 3.1;
			};
			name = Release;
		};
		BBE003991E39534E00E1A2A4 /* Debug */ = {
			isa = XCBuildConfiguration;
			buildSettings = {
				ALWAYS_EMBED_SWIFT_STANDARD_LIBRARIES = YES;
				BUNDLE_LOADER = "$(TEST_HOST)";
				COMBINE_HIDPI_IMAGES = YES;
				DEVELOPMENT_TEAM = 96TQV7B5LD;
				INFOPLIST_FILE = JiraHelperTests/Info.plist;
				LD_RUNPATH_SEARCH_PATHS = "$(inherited) @executable_path/../Frameworks @loader_path/../Frameworks";
				PRODUCT_BUNDLE_IDENTIFIER = com.harasim.JiraHelperTests;
				PRODUCT_NAME = "$(TARGET_NAME)";
				SWIFT_VERSION = 3.1;
				TEST_HOST = "$(BUILT_PRODUCTS_DIR)/JiraHelper.app/Contents/MacOS/JiraHelper";
			};
			name = Debug;
		};
		BBE0039A1E39534E00E1A2A4 /* Release */ = {
			isa = XCBuildConfiguration;
			buildSettings = {
				ALWAYS_EMBED_SWIFT_STANDARD_LIBRARIES = YES;
				BUNDLE_LOADER = "$(TEST_HOST)";
				COMBINE_HIDPI_IMAGES = YES;
				DEVELOPMENT_TEAM = 96TQV7B5LD;
				INFOPLIST_FILE = JiraHelperTests/Info.plist;
				LD_RUNPATH_SEARCH_PATHS = "$(inherited) @executable_path/../Frameworks @loader_path/../Frameworks";
				PRODUCT_BUNDLE_IDENTIFIER = com.harasim.JiraHelperTests;
				PRODUCT_NAME = "$(TARGET_NAME)";
				SWIFT_VERSION = 3.1;
				TEST_HOST = "$(BUILT_PRODUCTS_DIR)/JiraHelper.app/Contents/MacOS/JiraHelper";
			};
			name = Release;
		};
		BBE0039C1E39534E00E1A2A4 /* Debug */ = {
			isa = XCBuildConfiguration;
			buildSettings = {
				ALWAYS_EMBED_SWIFT_STANDARD_LIBRARIES = YES;
				COMBINE_HIDPI_IMAGES = YES;
				DEVELOPMENT_TEAM = 96TQV7B5LD;
				INFOPLIST_FILE = JiraHelperUITests/Info.plist;
				LD_RUNPATH_SEARCH_PATHS = "$(inherited) @executable_path/../Frameworks @loader_path/../Frameworks";
				PRODUCT_BUNDLE_IDENTIFIER = com.harasim.JiraHelperUITests;
				PRODUCT_NAME = "$(TARGET_NAME)";
				SWIFT_VERSION = 3.1;
				TEST_TARGET_NAME = JiraHelper;
			};
			name = Debug;
		};
		BBE0039D1E39534E00E1A2A4 /* Release */ = {
			isa = XCBuildConfiguration;
			buildSettings = {
				ALWAYS_EMBED_SWIFT_STANDARD_LIBRARIES = YES;
				COMBINE_HIDPI_IMAGES = YES;
				DEVELOPMENT_TEAM = 96TQV7B5LD;
				INFOPLIST_FILE = JiraHelperUITests/Info.plist;
				LD_RUNPATH_SEARCH_PATHS = "$(inherited) @executable_path/../Frameworks @loader_path/../Frameworks";
				PRODUCT_BUNDLE_IDENTIFIER = com.harasim.JiraHelperUITests;
				PRODUCT_NAME = "$(TARGET_NAME)";
				SWIFT_VERSION = 3.1;
				TEST_TARGET_NAME = JiraHelper;
			};
			name = Release;
		};
/* End XCBuildConfiguration section */

/* Begin XCConfigurationList section */
		BBE0036D1E39534E00E1A2A4 /* Build configuration list for PBXProject "JiraHelper" */ = {
			isa = XCConfigurationList;
			buildConfigurations = (
				BBE003931E39534E00E1A2A4 /* Debug */,
				BBE003941E39534E00E1A2A4 /* Release */,
			);
			defaultConfigurationIsVisible = 0;
			defaultConfigurationName = Release;
		};
		BBE003951E39534E00E1A2A4 /* Build configuration list for PBXNativeTarget "JiraHelper" */ = {
			isa = XCConfigurationList;
			buildConfigurations = (
				BBE003961E39534E00E1A2A4 /* Debug */,
				BBE003971E39534E00E1A2A4 /* Release */,
			);
			defaultConfigurationIsVisible = 0;
			defaultConfigurationName = Release;
		};
		BBE003981E39534E00E1A2A4 /* Build configuration list for PBXNativeTarget "JiraHelperTests" */ = {
			isa = XCConfigurationList;
			buildConfigurations = (
				BBE003991E39534E00E1A2A4 /* Debug */,
				BBE0039A1E39534E00E1A2A4 /* Release */,
			);
			defaultConfigurationIsVisible = 0;
			defaultConfigurationName = Release;
		};
		BBE0039B1E39534E00E1A2A4 /* Build configuration list for PBXNativeTarget "JiraHelperUITests" */ = {
			isa = XCConfigurationList;
			buildConfigurations = (
				BBE0039C1E39534E00E1A2A4 /* Debug */,
				BBE0039D1E39534E00E1A2A4 /* Release */,
			);
			defaultConfigurationIsVisible = 0;
			defaultConfigurationName = Release;
		};
/* End XCConfigurationList section */
	};
	rootObject = BBE0036A1E39534E00E1A2A4 /* Project object */;
}
